
Microsoft Visual Studio Solution File, Format Version 12.00
# Visual Studio Version 17
VisualStudioVersion = 17.0.31903.59
MinimumVisualStudioVersion = 10.0.40219.1
Project("{2150E333-8FDC-42A3-9474-1A3956D46DE8}") = "src", "src", "{827E0CD3-B72D-47B6-A68D-7590B98EB39B}"
EndProject
Project("{FAE04EC0-301F-11D3-BF4B-00C04F79EFBC}") = "Ssp.Core", "src\Ssp.Core\Ssp.Core.csproj", "{D7721C6C-F8E1-4706-B905-EB33080812CF}"
EndProject
Project("{FAE04EC0-301F-11D3-BF4B-00C04F79EFBC}") = "Ssp.Cli", "src\Ssp.Cli\Ssp.Cli.csproj", "{EF016412-0E32-43E7-B1CF-F0890EB235A0}"
EndProject
Project("{FAE04EC0-301F-11D3-BF4B-00C04F79EFBC}") = "Ssp.Web", "src\Ssp.Web\Ssp.Web.csproj", "{4D1D8857-5C4B-473F-B6A0-6A7C9ED61054}"
EndProject
Project("{2150E333-8FDC-42A3-9474-1A3956D46DE8}") = "tests", "tests", "{0AB3BF05-4346-4AA6-1389-037BE0695223}"
EndProject
Project("{FAE04EC0-301F-11D3-BF4B-00C04F79EFBC}") = "Ssp.Core.Tests", "tests\Ssp.Core.Tests\Ssp.Core.Tests.csproj", "{05088271-0E7C-4C6D-9C82-D2B7CDE28D55}"
EndProject
Project("{FAE04EC0-301F-11D3-BF4B-00C04F79EFBC}") = "Ssp.Cli.Tests", "tests\Ssp.Cli.Tests\Ssp.Cli.Tests.csproj", "{B23F0174-B40C-46E8-ABF1-02A001DA2526}"
EndProject
Project("{FAE04EC0-301F-11D3-BF4B-00C04F79EFBC}") = "Ssp.Web.Tests", "tests\Ssp.Web.Tests\Ssp.Web.Tests.csproj", "{6261DE14-2F66-43FA-BCC7-D4F0042A171C}"
EndProject
Global
	GlobalSection(SolutionConfigurationPlatforms) = preSolution
		Debug|Any CPU = Debug|Any CPU
		Debug|x64 = Debug|x64
		Debug|x86 = Debug|x86
		Release|Any CPU = Release|Any CPU
		Release|x64 = Release|x64
		Release|x86 = Release|x86
	EndGlobalSection
	GlobalSection(ProjectConfigurationPlatforms) = postSolution
		{D7721C6C-F8E1-4706-B905-EB33080812CF}.Debug|Any CPU.ActiveCfg = Debug|Any CPU
		{D7721C6C-F8E1-4706-B905-EB33080812CF}.Debug|Any CPU.Build.0 = Debug|Any CPU
		{D7721C6C-F8E1-4706-B905-EB33080812CF}.Debug|x64.ActiveCfg = Debug|Any CPU
		{D7721C6C-F8E1-4706-B905-EB33080812CF}.Debug|x64.Build.0 = Debug|Any CPU
		{D7721C6C-F8E1-4706-B905-EB33080812CF}.Debug|x86.ActiveCfg = Debug|Any CPU
		{D7721C6C-F8E1-4706-B905-EB33080812CF}.Debug|x86.Build.0 = Debug|Any CPU
		{D7721C6C-F8E1-4706-B905-EB33080812CF}.Release|Any CPU.ActiveCfg = Release|Any CPU
		{D7721C6C-F8E1-4706-B905-EB33080812CF}.Release|Any CPU.Build.0 = Release|Any CPU
		{D7721C6C-F8E1-4706-B905-EB33080812CF}.Release|x64.ActiveCfg = Release|Any CPU
		{D7721C6C-F8E1-4706-B905-EB33080812CF}.Release|x64.Build.0 = Release|Any CPU
		{D7721C6C-F8E1-4706-B905-EB33080812CF}.Release|x86.ActiveCfg = Release|Any CPU
		{D7721C6C-F8E1-4706-B905-EB33080812CF}.Release|x86.Build.0 = Release|Any CPU
		{EF016412-0E32-43E7-B1CF-F0890EB235A0}.Debug|Any CPU.ActiveCfg = Debug|Any CPU
		{EF016412-0E32-43E7-B1CF-F0890EB235A0}.Debug|Any CPU.Build.0 = Debug|Any CPU
		{EF016412-0E32-43E7-B1CF-F0890EB235A0}.Debug|x64.ActiveCfg = Debug|Any CPU
		{EF016412-0E32-43E7-B1CF-F0890EB235A0}.Debug|x64.Build.0 = Debug|Any CPU
		{EF016412-0E32-43E7-B1CF-F0890EB235A0}.Debug|x86.ActiveCfg = Debug|Any CPU
		{EF016412-0E32-43E7-B1CF-F0890EB235A0}.Debug|x86.Build.0 = Debug|Any CPU
		{EF016412-0E32-43E7-B1CF-F0890EB235A0}.Release|Any CPU.ActiveCfg = Release|Any CPU
		{EF016412-0E32-43E7-B1CF-F0890EB235A0}.Release|Any CPU.Build.0 = Release|Any CPU
		{EF016412-0E32-43E7-B1CF-F0890EB235A0}.Release|x64.ActiveCfg = Release|Any CPU
		{EF016412-0E32-43E7-B1CF-F0890EB235A0}.Release|x64.Build.0 = Release|Any CPU
		{EF016412-0E32-43E7-B1CF-F0890EB235A0}.Release|x86.ActiveCfg = Release|Any CPU
		{EF016412-0E32-43E7-B1CF-F0890EB235A0}.Release|x86.Build.0 = Release|Any CPU
		{4D1D8857-5C4B-473F-B6A0-6A7C9ED61054}.Debug|Any CPU.ActiveCfg = Debug|Any CPU
		{4D1D8857-5C4B-473F-B6A0-6A7C9ED61054}.Debug|Any CPU.Build.0 = Debug|Any CPU
		{4D1D8857-5C4B-473F-B6A0-6A7C9ED61054}.Debug|x64.ActiveCfg = Debug|Any CPU
		{4D1D8857-5C4B-473F-B6A0-6A7C9ED61054}.Debug|x64.Build.0 = Debug|Any CPU
		{4D1D8857-5C4B-473F-B6A0-6A7C9ED61054}.Debug|x86.ActiveCfg = Debug|Any CPU
		{4D1D8857-5C4B-473F-B6A0-6A7C9ED61054}.Debug|x86.Build.0 = Debug|Any CPU
		{4D1D8857-5C4B-473F-B6A0-6A7C9ED61054}.Release|Any CPU.ActiveCfg = Release|Any CPU
		{4D1D8857-5C4B-473F-B6A0-6A7C9ED61054}.Release|Any CPU.Build.0 = Release|Any CPU
		{4D1D8857-5C4B-473F-B6A0-6A7C9ED61054}.Release|x64.ActiveCfg = Release|Any CPU
		{4D1D8857-5C4B-473F-B6A0-6A7C9ED61054}.Release|x64.Build.0 = Release|Any CPU
		{4D1D8857-5C4B-473F-B6A0-6A7C9ED61054}.Release|x86.ActiveCfg = Release|Any CPU
		{4D1D8857-5C4B-473F-B6A0-6A7C9ED61054}.Release|x86.Build.0 = Release|Any CPU
		{05088271-0E7C-4C6D-9C82-D2B7CDE28D55}.Debug|Any CPU.ActiveCfg = Debug|Any CPU
		{05088271-0E7C-4C6D-9C82-D2B7CDE28D55}.Debug|Any CPU.Build.0 = Debug|Any CPU
		{05088271-0E7C-4C6D-9C82-D2B7CDE28D55}.Debug|x64.ActiveCfg = Debug|Any CPU
		{05088271-0E7C-4C6D-9C82-D2B7CDE28D55}.Debug|x64.Build.0 = Debug|Any CPU
		{05088271-0E7C-4C6D-9C82-D2B7CDE28D55}.Debug|x86.ActiveCfg = Debug|Any CPU
		{05088271-0E7C-4C6D-9C82-D2B7CDE28D55}.Debug|x86.Build.0 = Debug|Any CPU
		{05088271-0E7C-4C6D-9C82-D2B7CDE28D55}.Release|Any CPU.ActiveCfg = Release|Any CPU
		{05088271-0E7C-4C6D-9C82-D2B7CDE28D55}.Release|Any CPU.Build.0 = Release|Any CPU
		{05088271-0E7C-4C6D-9C82-D2B7CDE28D55}.Release|x64.ActiveCfg = Release|Any CPU
		{05088271-0E7C-4C6D-9C82-D2B7CDE28D55}.Release|x64.Build.0 = Release|Any CPU
		{05088271-0E7C-4C6D-9C82-D2B7CDE28D55}.Release|x86.ActiveCfg = Release|Any CPU
		{05088271-0E7C-4C6D-9C82-D2B7CDE28D55}.Release|x86.Build.0 = Release|Any CPU
		{B23F0174-B40C-46E8-ABF1-02A001DA2526}.Debug|Any CPU.ActiveCfg = Debug|Any CPU
		{B23F0174-B40C-46E8-ABF1-02A001DA2526}.Debug|Any CPU.Build.0 = Debug|Any CPU
		{B23F0174-B40C-46E8-ABF1-02A001DA2526}.Debug|x64.ActiveCfg = Debug|Any CPU
		{B23F0174-B40C-46E8-ABF1-02A001DA2526}.Debug|x64.Build.0 = Debug|Any CPU
		{B23F0174-B40C-46E8-ABF1-02A001DA2526}.Debug|x86.ActiveCfg = Debug|Any CPU
		{B23F0174-B40C-46E8-ABF1-02A001DA2526}.Debug|x86.Build.0 = Debug|Any CPU
		{B23F0174-B40C-46E8-ABF1-02A001DA2526}.Release|Any CPU.ActiveCfg = Release|Any CPU
		{B23F0174-B40C-46E8-ABF1-02A001DA2526}.Release|Any CPU.Build.0 = Release|Any CPU
		{B23F0174-B40C-46E8-ABF1-02A001DA2526}.Release|x64.ActiveCfg = Release|Any CPU
		{B23F0174-B40C-46E8-ABF1-02A001DA2526}.Release|x64.Build.0 = Release|Any CPU
		{B23F0174-B40C-46E8-ABF1-02A001DA2526}.Release|x86.ActiveCfg = Release|Any CPU
		{B23F0174-B40C-46E8-ABF1-02A001DA2526}.Release|x86.Build.0 = Release|Any CPU
		{6261DE14-2F66-43FA-BCC7-D4F0042A171C}.Debug|Any CPU.ActiveCfg = Debug|Any CPU
		{6261DE14-2F66-43FA-BCC7-D4F0042A171C}.Debug|Any CPU.Build.0 = Debug|Any CPU
		{6261DE14-2F66-43FA-BCC7-D4F0042A171C}.Debug|x64.ActiveCfg = Debug|Any CPU
		{6261DE14-2F66-43FA-BCC7-D4F0042A171C}.Debug|x64.Build.0 = Debug|Any CPU
		{6261DE14-2F66-43FA-BCC7-D4F0042A171C}.Debug|x86.ActiveCfg = Debug|Any CPU
		{6261DE14-2F66-43FA-BCC7-D4F0042A171C}.Debug|x86.Build.0 = Debug|Any CPU
		{6261DE14-2F66-43FA-BCC7-D4F0042A171C}.Release|Any CPU.ActiveCfg = Release|Any CPU
		{6261DE14-2F66-43FA-BCC7-D4F0042A171C}.Release|Any CPU.Build.0 = Release|Any CPU
		{6261DE14-2F66-43FA-BCC7-D4F0042A171C}.Release|x64.ActiveCfg = Release|Any CPU
		{6261DE14-2F66-43FA-BCC7-D4F0042A171C}.Release|x64.Build.0 = Release|Any CPU
		{6261DE14-2F66-43FA-BCC7-D4F0042A171C}.Release|x86.ActiveCfg = Release|Any CPU
		{6261DE14-2F66-43FA-BCC7-D4F0042A171C}.Release|x86.Build.0 = Release|Any CPU
	EndGlobalSection
	GlobalSection(SolutionProperties) = preSolution
		HideSolutionNode = FALSE
	EndGlobalSection
	GlobalSection(NestedProjects) = preSolution
		{D7721C6C-F8E1-4706-B905-EB33080812CF} = {827E0CD3-B72D-47B6-A68D-7590B98EB39B}
		{EF016412-0E32-43E7-B1CF-F0890EB235A0} = {827E0CD3-B72D-47B6-A68D-7590B98EB39B}
		{4D1D8857-5C4B-473F-B6A0-6A7C9ED61054} = {827E0CD3-B72D-47B6-A68D-7590B98EB39B}
		{05088271-0E7C-4C6D-9C82-D2B7CDE28D55} = {0AB3BF05-4346-4AA6-1389-037BE0695223}
		{B23F0174-B40C-46E8-ABF1-02A001DA2526} = {0AB3BF05-4346-4AA6-1389-037BE0695223}
		{6261DE14-2F66-43FA-BCC7-D4F0042A171C} = {0AB3BF05-4346-4AA6-1389-037BE0695223}
	EndGlobalSection
EndGlobal
